
Microsoft Visual Studio Solution File, Format Version 12.00
# Visual Studio 15
VisualStudioVersion = 15.0.28010.2046
MinimumVisualStudioVersion = 10.0.40219.1
Project("{FAE04EC0-301F-11D3-BF4B-00C04F79EFBC}") = "WindowsApp", "WindowsApp\WindowsApp.csproj", "{395651BE-BF3C-4B41-AEE2-11ADA3EFEFDE}"
EndProject
Global
	GlobalSection(SolutionConfigurationPlatforms) = preSolution
		Debug|Any CPU = Debug|Any CPU
		Release|Any CPU = Release|Any CPU
	EndGlobalSection
	GlobalSection(ProjectConfigurationPlatforms) = postSolution
		{395651BE-BF3C-4B41-AEE2-11ADA3EFEFDE}.Debug|Any CPU.ActiveCfg = Debug|Any CPU
		{395651BE-BF3C-4B41-AEE2-11ADA3EFEFDE}.Debug|Any CPU.Build.0 = Debug|Any CPU
		{395651BE-BF3C-4B41-AEE2-11ADA3EFEFDE}.Release|Any CPU.ActiveCfg = Release|Any CPU
		{395651BE-BF3C-4B41-AEE2-11ADA3EFEFDE}.Release|Any CPU.Build.0 = Release|Any CPU
	EndGlobalSection
	GlobalSection(SolutionProperties) = preSolution
		HideSolutionNode = FALSE
	EndGlobalSection
	GlobalSection(ExtensibilityGlobals) = postSolution
		SolutionGuid = {44910E96-CB46-41AB-A909-C09B9773F311}
	EndGlobalSection
EndGlobal
